{
  "name": "eprints-pure-import",
  "version": "1.0.0",
  "lockfileVersion": 1,
  "requires": true,
  "dependencies": {
    "moment": {
      "version": "2.22.2",
      "resolved": "https://registry.npmjs.org/moment/-/moment-2.22.2.tgz",
      "integrity": "sha1-PCV/mDn8DpP/UxSWMiOeuQeD/2Y="
    },
    "require-dir": {
      "version": "1.1.0",
      "resolved": "https://registry.npmjs.org/require-dir/-/require-dir-1.1.0.tgz",
      "integrity": "sha512-XwZR1Gdv8rme0xLSRmxWNue/xQ5mgIfFGwbBJaF7TbFqQBgEBTr/M1/73a4dfn/keF5WDDiUr6RAF4nA1LskrQ=="
    },
    "sax": {
      "version": "1.2.4",
      "resolved": "https://registry.npmjs.org/sax/-/sax-1.2.4.tgz",
      "integrity": "sha512-NqVDv9TpANUjFm0N8uM5GxL36UgKi9/atZw+x7YFnQ8ckwFGKrl4xX4yWtrey3UJm5nP1kUbnYgLopqWNSRhWw=="
    },
    "simple-isbn": {
      "version": "1.0.0",
      "resolved": "https://registry.npmjs.org/simple-isbn/-/simple-isbn-1.0.0.tgz",
      "integrity": "sha1-PcEMn2eoMiQQ918B4XUeyNH/Bmk="
    },
    "xml-escape": {
      "version": "1.1.0",
      "resolved": "https://registry.npmjs.org/xml-escape/-/xml-escape-1.1.0.tgz",
      "integrity": "sha1-OQTBQ/qOs6ADDsZG0pAqLxtwbEQ="
    },
    "xml-js": {
      "version": "1.6.8",
      "resolved": "https://registry.npmjs.org/xml-js/-/xml-js-1.6.8.tgz",
      "integrity": "sha512-kUv/geyN80d+s1T68uBfjoz+PjNUjwwf5AWWRwKRqqQaGozpMVsFsKYnenPsxlbN/VL7f0ia8NfLLPCDwX+95Q==",
      "requires": {
        "sax": "^1.2.4"
      }
    }
  }
}
